
Microsoft Visual Studio Solution File, Format Version 12.00
# Visual Studio 15
VisualStudioVersion = 15.0.26730.12
MinimumVisualStudioVersion = 10.0.40219.1
Project("{FAE04EC0-301F-11D3-BF4B-00C04F79EFBC}") = "Training.Tavisca.CrudOperation", "Training.Tavisca.CrudOperation\Training.Tavisca.CrudOperation.csproj", "{999A585A-A3B1-480F-9EC4-3B40E7B2DF39}"
EndProject
Project("{FAE04EC0-301F-11D3-BF4B-00C04F79EFBC}") = "ControllerTest", "ControllerTest\ControllerTest.csproj", "{248B7124-E3F0-4EE7-9692-22B4E63D9668}"
EndProject
Global
	GlobalSection(SolutionConfigurationPlatforms) = preSolution
		Debug|Any CPU = Debug|Any CPU
		Release|Any CPU = Release|Any CPU
	EndGlobalSection
	GlobalSection(ProjectConfigurationPlatforms) = postSolution
		{999A585A-A3B1-480F-9EC4-3B40E7B2DF39}.Debug|Any CPU.ActiveCfg = Debug|Any CPU
		{999A585A-A3B1-480F-9EC4-3B40E7B2DF39}.Debug|Any CPU.Build.0 = Debug|Any CPU
		{999A585A-A3B1-480F-9EC4-3B40E7B2DF39}.Release|Any CPU.ActiveCfg = Release|Any CPU
		{999A585A-A3B1-480F-9EC4-3B40E7B2DF39}.Release|Any CPU.Build.0 = Release|Any CPU
		{248B7124-E3F0-4EE7-9692-22B4E63D9668}.Debug|Any CPU.ActiveCfg = Debug|Any CPU
		{248B7124-E3F0-4EE7-9692-22B4E63D9668}.Debug|Any CPU.Build.0 = Debug|Any CPU
		{248B7124-E3F0-4EE7-9692-22B4E63D9668}.Release|Any CPU.ActiveCfg = Release|Any CPU
		{248B7124-E3F0-4EE7-9692-22B4E63D9668}.Release|Any CPU.Build.0 = Release|Any CPU
	EndGlobalSection
	GlobalSection(SolutionProperties) = preSolution
		HideSolutionNode = FALSE
	EndGlobalSection
	GlobalSection(ExtensibilityGlobals) = postSolution
		SolutionGuid = {FC0A784A-C0BF-46D6-9FF3-27B23B6B801F}
	EndGlobalSection
EndGlobal
